
Microsoft Visual Studio Solution File, Format Version 12.00
# Visual Studio Version 16
VisualStudioVersion = 16.0.31624.102
MinimumVisualStudioVersion = 10.0.40219.1
Project("{8BC9CEB8-8B4A-11D0-8D11-00A0C91BC942}") = "Words_counter", "Words_counter\Words_counter.vcxproj", "{871B9CAE-A6E2-4ACA-9D25-3CA2D79772E3}"
EndProject
Global
	GlobalSection(SolutionConfigurationPlatforms) = preSolution
		Debug|x64 = Debug|x64
		Debug|x86 = Debug|x86
		Release|x64 = Release|x64
		Release|x86 = Release|x86
	EndGlobalSection
	GlobalSection(ProjectConfigurationPlatforms) = postSolution
		{871B9CAE-A6E2-4ACA-9D25-3CA2D79772E3}.Debug|x64.ActiveCfg = Debug|x64
		{871B9CAE-A6E2-4ACA-9D25-3CA2D79772E3}.Debug|x64.Build.0 = Debug|x64
		{871B9CAE-A6E2-4ACA-9D25-3CA2D79772E3}.Debug|x86.ActiveCfg = Debug|Win32
		{871B9CAE-A6E2-4ACA-9D25-3CA2D79772E3}.Debug|x86.Build.0 = Debug|Win32
		{871B9CAE-A6E2-4ACA-9D25-3CA2D79772E3}.Release|x64.ActiveCfg = Release|x64
		{871B9CAE-A6E2-4ACA-9D25-3CA2D79772E3}.Release|x64.Build.0 = Release|x64
		{871B9CAE-A6E2-4ACA-9D25-3CA2D79772E3}.Release|x86.ActiveCfg = Release|Win32
		{871B9CAE-A6E2-4ACA-9D25-3CA2D79772E3}.Release|x86.Build.0 = Release|Win32
	EndGlobalSection
	GlobalSection(SolutionProperties) = preSolution
		HideSolutionNode = FALSE
	EndGlobalSection
	GlobalSection(ExtensibilityGlobals) = postSolution
		SolutionGuid = {FF62CE0F-23A6-4CAD-9DBC-A152E07B3768}
	EndGlobalSection
EndGlobal
